
Microsoft Visual Studio Solution File, Format Version 12.00
# Visual Studio Version 17
VisualStudioVersion = 17.9.34607.119
MinimumVisualStudioVersion = 10.0.40219.1
Project("{9A19103F-16F7-4668-BE54-9A1E7A4F7556}") = "Sistema.Secretaria.Domain", "Sistema.Secretaria.Domain\Sistema.Secretaria.Domain.csproj", "{5BE5AA5C-2E9C-49DC-BFA0-2CC5274C1EAF}"
EndProject
Project("{FAE04EC0-301F-11D3-BF4B-00C04F79EFBC}") = "Sistema.Secretaria.Test", "Sistema.Secretaria.Test\Sistema.Secretaria.Test.csproj", "{0F3B147D-B6E5-4E05-B7BA-D0973C14BE86}"
EndProject
Global
	GlobalSection(SolutionConfigurationPlatforms) = preSolution
		Debug|Any CPU = Debug|Any CPU
		Release|Any CPU = Release|Any CPU
	EndGlobalSection
	GlobalSection(ProjectConfigurationPlatforms) = postSolution
		{5BE5AA5C-2E9C-49DC-BFA0-2CC5274C1EAF}.Debug|Any CPU.ActiveCfg = Debug|Any CPU
		{5BE5AA5C-2E9C-49DC-BFA0-2CC5274C1EAF}.Debug|Any CPU.Build.0 = Debug|Any CPU
		{5BE5AA5C-2E9C-49DC-BFA0-2CC5274C1EAF}.Release|Any CPU.ActiveCfg = Release|Any CPU
		{5BE5AA5C-2E9C-49DC-BFA0-2CC5274C1EAF}.Release|Any CPU.Build.0 = Release|Any CPU
		{0F3B147D-B6E5-4E05-B7BA-D0973C14BE86}.Debug|Any CPU.ActiveCfg = Debug|Any CPU
		{0F3B147D-B6E5-4E05-B7BA-D0973C14BE86}.Debug|Any CPU.Build.0 = Debug|Any CPU
		{0F3B147D-B6E5-4E05-B7BA-D0973C14BE86}.Release|Any CPU.ActiveCfg = Release|Any CPU
		{0F3B147D-B6E5-4E05-B7BA-D0973C14BE86}.Release|Any CPU.Build.0 = Release|Any CPU
	EndGlobalSection
	GlobalSection(SolutionProperties) = preSolution
		HideSolutionNode = FALSE
	EndGlobalSection
	GlobalSection(ExtensibilityGlobals) = postSolution
		SolutionGuid = {8BD3417E-0CB6-4EB5-8F8E-253CE1FC8D5A}
	EndGlobalSection
EndGlobal
