
Microsoft Visual Studio Solution File, Format Version 12.00
# Visual Studio Version 17
VisualStudioVersion = 17.9.34607.119
MinimumVisualStudioVersion = 10.0.40219.1
Project("{9A19103F-16F7-4668-BE54-9A1E7A4F7556}") = "Sistema.Professor.API", "Sistema.Professor.API\Sistema.Professor.API.csproj", "{26F91284-F753-4718-BAE5-F72AFEB17827}"
EndProject
Project("{9A19103F-16F7-4668-BE54-9A1E7A4F7556}") = "Sistema.Professor.Repository", "Sistema.Professor.Repository\Sistema.Professor.Repository.csproj", "{63A2CD9E-3685-40E3-A16F-21A3EF8E5D8D}"
EndProject
Project("{9A19103F-16F7-4668-BE54-9A1E7A4F7556}") = "Sistema.Professor.Domain", "Sistema.Professor.Domain\Sistema.Professor.Domain.csproj", "{8BCDA4A5-D6DD-4A2E-9C3E-E4003C2EAB1E}"
EndProject
Project("{9A19103F-16F7-4668-BE54-9A1E7A4F7556}") = "Sistema.Professor.Service", "Sistema.Professor.Service\Sistema.Professor.Service.csproj", "{C33FC612-2B80-4C46-A263-4E94031391C9}"
EndProject
Project("{9A19103F-16F7-4668-BE54-9A1E7A4F7556}") = "Sistema.Professor.Test", "Sistema.Professor.Test\Sistema.Professor.Test.csproj", "{59049E3D-EEAA-43FF-94D0-63F03A2AF952}"
EndProject
Project("{FAE04EC0-301F-11D3-BF4B-00C04F79EFBC}") = "Sistema.Professor.Applicatrion", "Sistema.Professor.Applicatrion\Sistema.Professor.Applicatrion.csproj", "{F530ECB0-FA48-47DC-A748-8B04781BDFFE}"
EndProject
Global
	GlobalSection(SolutionConfigurationPlatforms) = preSolution
		Debug|Any CPU = Debug|Any CPU
		Release|Any CPU = Release|Any CPU
	EndGlobalSection
	GlobalSection(ProjectConfigurationPlatforms) = postSolution
		{26F91284-F753-4718-BAE5-F72AFEB17827}.Debug|Any CPU.ActiveCfg = Debug|Any CPU
		{26F91284-F753-4718-BAE5-F72AFEB17827}.Debug|Any CPU.Build.0 = Debug|Any CPU
		{26F91284-F753-4718-BAE5-F72AFEB17827}.Release|Any CPU.ActiveCfg = Release|Any CPU
		{26F91284-F753-4718-BAE5-F72AFEB17827}.Release|Any CPU.Build.0 = Release|Any CPU
		{63A2CD9E-3685-40E3-A16F-21A3EF8E5D8D}.Debug|Any CPU.ActiveCfg = Debug|Any CPU
		{63A2CD9E-3685-40E3-A16F-21A3EF8E5D8D}.Debug|Any CPU.Build.0 = Debug|Any CPU
		{63A2CD9E-3685-40E3-A16F-21A3EF8E5D8D}.Release|Any CPU.ActiveCfg = Release|Any CPU
		{63A2CD9E-3685-40E3-A16F-21A3EF8E5D8D}.Release|Any CPU.Build.0 = Release|Any CPU
		{8BCDA4A5-D6DD-4A2E-9C3E-E4003C2EAB1E}.Debug|Any CPU.ActiveCfg = Debug|Any CPU
		{8BCDA4A5-D6DD-4A2E-9C3E-E4003C2EAB1E}.Debug|Any CPU.Build.0 = Debug|Any CPU
		{8BCDA4A5-D6DD-4A2E-9C3E-E4003C2EAB1E}.Release|Any CPU.ActiveCfg = Release|Any CPU
		{8BCDA4A5-D6DD-4A2E-9C3E-E4003C2EAB1E}.Release|Any CPU.Build.0 = Release|Any CPU
		{C33FC612-2B80-4C46-A263-4E94031391C9}.Debug|Any CPU.ActiveCfg = Debug|Any CPU
		{C33FC612-2B80-4C46-A263-4E94031391C9}.Debug|Any CPU.Build.0 = Debug|Any CPU
		{C33FC612-2B80-4C46-A263-4E94031391C9}.Release|Any CPU.ActiveCfg = Release|Any CPU
		{C33FC612-2B80-4C46-A263-4E94031391C9}.Release|Any CPU.Build.0 = Release|Any CPU
		{59049E3D-EEAA-43FF-94D0-63F03A2AF952}.Debug|Any CPU.ActiveCfg = Debug|Any CPU
		{59049E3D-EEAA-43FF-94D0-63F03A2AF952}.Debug|Any CPU.Build.0 = Debug|Any CPU
		{59049E3D-EEAA-43FF-94D0-63F03A2AF952}.Release|Any CPU.ActiveCfg = Release|Any CPU
		{59049E3D-EEAA-43FF-94D0-63F03A2AF952}.Release|Any CPU.Build.0 = Release|Any CPU
		{F530ECB0-FA48-47DC-A748-8B04781BDFFE}.Debug|Any CPU.ActiveCfg = Debug|Any CPU
		{F530ECB0-FA48-47DC-A748-8B04781BDFFE}.Debug|Any CPU.Build.0 = Debug|Any CPU
		{F530ECB0-FA48-47DC-A748-8B04781BDFFE}.Release|Any CPU.ActiveCfg = Release|Any CPU
		{F530ECB0-FA48-47DC-A748-8B04781BDFFE}.Release|Any CPU.Build.0 = Release|Any CPU
	EndGlobalSection
	GlobalSection(SolutionProperties) = preSolution
		HideSolutionNode = FALSE
	EndGlobalSection
	GlobalSection(ExtensibilityGlobals) = postSolution
		SolutionGuid = {36C911AB-89CF-4C50-A81E-3BCD3F208F75}
	EndGlobalSection
EndGlobal
